
Microsoft Visual Studio Solution File, Format Version 12.00
Project("{FAE04EC0-301F-11D3-BF4B-00C04F79EFBC}") = "RabbitMq.Tutorial.Supplier", "RabbitMq.Tutorial.Supplier\RabbitMq.Tutorial.Supplier.csproj", "{FE7F3720-338E-456D-ADD0-5FFCF9797DC0}"
EndProject
Project("{FAE04EC0-301F-11D3-BF4B-00C04F79EFBC}") = "RabbitMq.Tutorial.Store", "RabbitMq.Tutorial.Store\RabbitMq.Tutorial.Store.csproj", "{1D163A71-E2B0-4C69-AC79-A78697E2CABE}"
EndProject
Global
	GlobalSection(SolutionConfigurationPlatforms) = preSolution
		Debug|Any CPU = Debug|Any CPU
		Release|Any CPU = Release|Any CPU
	EndGlobalSection
	GlobalSection(ProjectConfigurationPlatforms) = postSolution
		{FE7F3720-338E-456D-ADD0-5FFCF9797DC0}.Debug|Any CPU.ActiveCfg = Debug|Any CPU
		{FE7F3720-338E-456D-ADD0-5FFCF9797DC0}.Debug|Any CPU.Build.0 = Debug|Any CPU
		{FE7F3720-338E-456D-ADD0-5FFCF9797DC0}.Release|Any CPU.ActiveCfg = Release|Any CPU
		{FE7F3720-338E-456D-ADD0-5FFCF9797DC0}.Release|Any CPU.Build.0 = Release|Any CPU
		{1D163A71-E2B0-4C69-AC79-A78697E2CABE}.Debug|Any CPU.ActiveCfg = Debug|Any CPU
		{1D163A71-E2B0-4C69-AC79-A78697E2CABE}.Debug|Any CPU.Build.0 = Debug|Any CPU
		{1D163A71-E2B0-4C69-AC79-A78697E2CABE}.Release|Any CPU.ActiveCfg = Release|Any CPU
		{1D163A71-E2B0-4C69-AC79-A78697E2CABE}.Release|Any CPU.Build.0 = Release|Any CPU
	EndGlobalSection
EndGlobal
